// !$*UTF8*$!
{
	archiveVersion = 1;
	classes = {
	};
	objectVersion = 46;
	objects = {

/* Begin PBXBuildFile section */
		3F74C2B11D7A852C001AB30A /* main.m in Sources */ = {isa = PBXBuildFile; fileRef = 3F74C2B01D7A852C001AB30A /* main.m */; };
		3F74C2B41D7A852C001AB30A /* AppDelegate.m in Sources */ = {isa = PBXBuildFile; fileRef = 3F74C2B31D7A852C001AB30A /* AppDelegate.m */; };
		3F74C2B71D7A852C001AB30A /* ViewController.m in Sources */ = {isa = PBXBuildFile; fileRef = 3F74C2B61D7A852C001AB30A /* ViewController.m */; };
		3F74C2BA1D7A852C001AB30A /* Main.storyboard in Resources */ = {isa = PBXBuildFile; fileRef = 3F74C2B81D7A852C001AB30A /* Main.storyboard */; };
		3F74C2BC1D7A852C001AB30A /* Assets.xcassets in Resources */ = {isa = PBXBuildFile; fileRef = 3F74C2BB1D7A852C001AB30A /* Assets.xcassets */; };
		3F74C2BF1D7A852C001AB30A /* LaunchScreen.storyboard in Resources */ = {isa = PBXBuildFile; fileRef = 3F74C2BD1D7A852C001AB30A /* LaunchScreen.storyboard */; };
/* End PBXBuildFile section */

/* Begin PBXFileReference section */
		3F74C2AC1D7A852C001AB30A /* BossView01.app */ = {isa = PBXFileReference; explicitFileType = wrapper.application; includeInIndex = 0; path = BossView01.app; sourceTree = BUILT_PRODUCTS_DIR; };
		3F74C2B01D7A852C001AB30A /* main.m */ = {isa = PBXFileReference; lastKnownFileType = sourcecode.c.objc; path = main.m; sourceTree = "<group>"; };
		3F74C2B21D7A852C001AB30A /* AppDelegate.h */ = {isa = PBXFileReference; lastKnownFileType = sourcecode.c.h; path = AppDelegate.h; sourceTree = "<group>"; };
		3F74C2B31D7A852C001AB30A /* AppDelegate.m */ = {isa = PBXFileReference; lastKnownFileType = sourcecode.c.objc; path = AppDelegate.m; sourceTree = "<group>"; };
		3F74C2B51D7A852C001AB30A /* ViewController.h */ = {isa = PBXFileReference; lastKnownFileType = sourcecode.c.h; path = ViewController.h; sourceTree = "<group>"; };
		3F74C2B61D7A852C001AB30A /* ViewController.m */ = {isa = PBXFileReference; lastKnownFileType = sourcecode.c.objc; path = ViewController.m; sourceTree = "<group>"; };
		3F74C2B91D7A852C001AB30A /* Base */ = {isa = PBXFileReference; lastKnownFileType = file.storyboard; name = Base; path = Base.lproj/Main.storyboard; sourceTree = "<group>"; };
		3F74C2BB1D7A852C001AB30A /* Assets.xcassets */ = {isa = PBXFileReference; lastKnownFileType = folder.assetcatalog; path = Assets.xcassets; sourceTree = "<group>"; };
		3F74C2BE1D7A852C001AB30A /* Base */ = {isa = PBXFileReference; lastKnownFileType = file.storyboard; name = Base; path = Base.lproj/LaunchScreen.storyboard; sourceTree = "<group>"; };
		3F74C2C01D7A852C001AB30A /* Info.plist */ = {isa = PBXFileReference; lastKnownFileType = text.plist.xml; path = Info.plist; sourceTree = "<group>"; };
/* End PBXFileReference section */

/* Begin PBXFrameworksBuildPhase section */
		3F74C2A91D7A852C001AB30A /* Frameworks */ = {
			isa = PBXFrameworksBuildPhase;
			buildActionMask = 2147483647;
			files = (
			);
			runOnlyForDeploymentPostprocessing = 0;
		};
/* End PBXFrameworksBuildPhase section */

/* Begin PBXGroup section */
		3F74C2A31D7A852C001AB30A = {
			isa = PBXGroup;
			children = (
				3F74C2AE1D7A852C001AB30A /* BossView01 */,
				3F74C2AD1D7A852C001AB30A /* Products */,
			);
			sourceTree = "<group>";
		};
		3F74C2AD1D7A852C001AB30A /* Products */ = {
			isa = PBXGroup;
			children = (
				3F74C2AC1D7A852C001AB30A /* BossView01.app */,
			);
			name = Products;
			sourceTree = "<group>";
		};
		3F74C2AE1D7A852C001AB30A /* BossView01 */ = {
			isa = PBXGroup;
			children = (
				3F74C2B21D7A852C001AB30A /* AppDelegate.h */,
				3F74C2B31D7A852C001AB30A /* AppDelegate.m */,
				3F74C2B51D7A852C001AB30A /* ViewController.h */,
				3F74C2B61D7A852C001AB30A /* ViewController.m */,
				3F74C2B81D7A852C001AB30A /* Main.storyboard */,
				3F74C2BB1D7A852C001AB30A /* Assets.xcassets */,
				3F74C2BD1D7A852C001AB30A /* LaunchScreen.storyboard */,
				3F74C2C01D7A852C001AB30A /* Info.plist */,
				3F74C2AF1D7A852C001AB30A /* Supporting Files */,
			);
			path = BossView01;
			sourceTree = "<group>";
		};
		3F74C2AF1D7A852C001AB30A /* Supporting Files */ = {
			isa = PBXGroup;
			children = (
				3F74C2B01D7A852C001AB30A /* main.m */,
			);
			name = "Supporting Files";
			sourceTree = "<group>";
		};
/* End PBXGroup section */

/* Begin PBXNativeTarget section */
		3F74C2AB1D7A852C001AB30A /* BossView01 */ = {
			isa = PBXNativeTarget;
			buildConfigurationList = 3F74C2C31D7A852C001AB30A /* Build configuration list for PBXNativeTarget "BossView01" */;
			buildPhases = (
				3F74C2A81D7A852C001AB30A /* Sources */,
				3F74C2A91D7A852C001AB30A /* Frameworks */,
				3F74C2AA1D7A852C001AB30A /* Resources */,
			);
			buildRules = (
			);
			dependencies = (
			);
			name = BossView01;
			productName = BossView01;
			productReference = 3F74C2AC1D7A852C001AB30A /* BossView01.app */;
			productType = "com.apple.product-type.application";
		};
/* End PBXNativeTarget section */

/* Begin PBXProject section */
		3F74C2A41D7A852C001AB30A /* Project object */ = {
			isa = PBXProject;
			attributes = {
				LastUpgradeCheck = 0730;
				ORGANIZATIONNAME = s;
				TargetAttributes = {
					3F74C2AB1D7A852C001AB30A = {
						CreatedOnToolsVersion = 7.3.1;
					};
				};
			};
			buildConfigurationList = 3F74C2A71D7A852C001AB30A /* Build configuration list for PBXProject "BossView01" */;
			compatibilityVersion = "Xcode 3.2";
			developmentRegion = English;
			hasScannedForEncodings = 0;
			knownRegions = (
				en,
				Base,
			);
			mainGroup = 3F74C2A31D7A852C001AB30A;
			productRefGroup = 3F74C2AD1D7A852C001AB30A /* Products */;
			projectDirPath = "";
			projectRoot = "";
			targets = (
				3F74C2AB1D7A852C001AB30A /* BossView01 */,
			);
		};
/* End PBXProject section */

/* Begin PBXResourcesBuildPhase section */
		3F74C2AA1D7A852C001AB30A /* Resources */ = {
			isa = PBXResourcesBuildPhase;
			buildActionMask = 2147483647;
			files = (
				3F74C2BF1D7A852C001AB30A /* LaunchScreen.storyboard in Resources */,
				3F74C2BC1D7A852C001AB30A /* Assets.xcassets in Resources */,
				3F74C2BA1D7A852C001AB30A /* Main.storyboard in Resources */,
			);
			runOnlyForDeploymentPostprocessing = 0;
		};
/* End PBXResourcesBuildPhase section */

/* Begin PBXSourcesBuildPhase section */
		3F74C2A81D7A852C001AB30A /* Sources */ = {
			isa = PBXSourcesBuildPhase;
			buildActionMask = 2147483647;
			files = (
				3F74C2B71D7A852C001AB30A /* ViewController.m in Sources */,
				3F74C2B41D7A852C001AB30A /* AppDelegate.m in Sources */,
				3F74C2B11D7A852C001AB30A /* main.m in Sources */,
			);
			runOnlyForDeploymentPostprocessing = 0;
		};
/* End PBXSourcesBuildPhase section */

/* Begin PBXVariantGroup section */
		3F74C2B81D7A852C001AB30A /* Main.storyboard */ = {
			isa = PBXVariantGroup;
			children = (
				3F74C2B91D7A852C001AB30A /* Base */,
			);
			name = Main.storyboard;
			sourceTree = "<group>";
		};
		3F74C2BD1D7A852C001AB30A /* LaunchScreen.storyboard */ = {
			isa = PBXVariantGroup;
			children = (
				3F74C2BE1D7A852C001AB30A /* Base */,
			);
			name = LaunchScreen.storyboard;
			sourceTree = "<group>";
		};
/* End PBXVariantGroup section */

/* Begin XCBuildConfiguration section */
		3F74C2C11D7A852C001AB30A /* Debug */ = {
			isa = XCBuildConfiguration;
			buildSettings = {
				ALWAYS_SEARCH_USER_PATHS = NO;
				CLANG_ANALYZER_NONNULL = YES;
				CLANG_CXX_LANGUAGE_STANDARD = "gnu++0x";
				CLANG_CXX_LIBRARY = "libc++";
				CLANG_ENABLE_MODULES = YES;
				CLANG_ENABLE_OBJC_ARC = YES;
				CLANG_WARN_BOOL_CONVERSION = YES;
				CLANG_WARN_CONSTANT_CONVERSION = YES;
				CLANG_WARN_DIRECT_OBJC_ISA_USAGE = YES_ERROR;
				CLANG_WARN_EMPTY_BODY = YES;
				CLANG_WARN_ENUM_CONVERSION = YES;
				CLANG_WARN_INT_CONVERSION = YES;
				CLANG_WARN_OBJC_ROOT_CLASS = YES_ERROR;
				CLANG_WARN_UNREACHABLE_CODE = YES;
				CLANG_WARN__DUPLICATE_METHOD_MATCH = YES;
				"CODE_SIGN_IDENTITY[sdk=iphoneos*]" = "iPhone Developer";
				COPY_PHASE_STRIP = NO;
				DEBUG_INFORMATION_FORMAT = dwarf;
				ENABLE_STRICT_OBJC_MSGSEND = YES;
				ENABLE_TESTABILITY = YES;
				GCC_C_LANGUAGE_STANDARD = gnu99;
				GCC_DYNAMIC_NO_PIC = NO;
				GCC_NO_COMMON_BLOCKS = YES;
				GCC_OPTIMIZATION_LEVEL = 0;
				GCC_PREPROCESSOR_DEFINITIONS = (
					"DEBUG=1",
					"$(inherited)",
				);
				GCC_WARN_64_TO_32_BIT_CONVERSION = YES;
				GCC_WARN_ABOUT_RETURN_TYPE = YES_ERROR;
				GCC_WARN_UNDECLARED_SELECTOR = YES;
				GCC_WARN_UNINITIALIZED_AUTOS = YES_AGGRESSIVE;
				GCC_WARN_UNUSED_FUNCTION = YES;
				GCC_WARN_UNUSED_VARIABLE = YES;
				IPHONEOS_DEPLOYMENT_TARGET = 9.3;
				MTL_ENABLE_DEBUG_INFO = YES;
				ONLY_ACTIVE_ARCH = YES;
				SDKROOT = iphoneos;
				TARGETED_DEVICE_FAMILY = "1,2";
			};
			name = Debug;
		};
		3F74C2C21D7A852C001AB30A /* Release */ = {
			isa = XCBuildConfiguration;
			buildSettings = {
				ALWAYS_SEARCH_USER_PATHS = NO;
				CLANG_ANALYZER_NONNULL = YES;
				CLANG_CXX_LANGUAGE_STANDARD = "gnu++0x";
				CLANG_CXX_LIBRARY = "libc++";
				CLANG_ENABLE_MODULES = YES;
				CLANG_ENABLE_OBJC_ARC = YES;
				CLANG_WARN_BOOL_CONVERSION = YES;
				CLANG_WARN_CONSTANT_CONVERSION = YES;
				CLANG_WARN_DIRECT_OBJC_ISA_USAGE = YES_ERROR;
				CLANG_WARN_EMPTY_BODY = YES;
				CLANG_WARN_ENUM_CONVERSION = YES;
				CLANG_WARN_INT_CONVERSION = YES;
				CLANG_WARN_OBJC_ROOT_CLASS = YES_ERROR;
				CLANG_WARN_UNREACHABLE_CODE = YES;
				CLANG_WARN__DUPLICATE_METHOD_MATCH = YES;
				"CODE_SIGN_IDENTITY[sdk=iphoneos*]" = "iPhone Developer";
				COPY_PHASE_STRIP = NO;
				DEBUG_INFORMATION_FORMAT = "dwarf-with-dsym";
				ENABLE_NS_ASSERTIONS = NO;
				ENABLE_STRICT_OBJC_MSGSEND = YES;
				GCC_C_LANGUAGE_STANDARD = gnu99;
				GCC_NO_COMMON_BLOCKS = YES;
				GCC_WARN_64_TO_32_BIT_CONVERSION = YES;
				GCC_WARN_ABOUT_RETURN_TYPE = YES_ERROR;
				GCC_WARN_UNDECLARED_SELECTOR = YES;
				GCC_WARN_UNINITIALIZED_AUTOS = YES_AGGRESSIVE;
				GCC_WARN_UNUSED_FUNCTION = YES;
				GCC_WARN_UNUSED_VARIABLE = YES;
				IPHONEOS_DEPLOYMENT_TARGET = 9.3;
				MTL_ENABLE_DEBUG_INFO = NO;
				SDKROOT = iphoneos;
				TARGETED_DEVICE_FAMILY = "1,2";
				VALIDATE_PRODUCT = YES;
			};
			name = Release;
		};
		3F74C2C41D7A852C001AB30A /* Debug */ = {
			isa = XCBuildConfiguration;
			buildSettings = {
				ASSETCATALOG_COMPILER_APPICON_NAME = AppIcon;
				INFOPLIST_FILE = BossView01/Info.plist;
				LD_RUNPATH_SEARCH_PATHS = "$(inherited) @executable_path/Frameworks";
				PRODUCT_BUNDLE_IDENTIFIER = sda.BossView01;
				PRODUCT_NAME = "$(TARGET_NAME)";
			};
			name = Debug;
		};
		3F74C2C51D7A852C001AB30A /* Release */ = {
			isa = XCBuildConfiguration;
			buildSettings = {
				ASSETCATALOG_COMPILER_APPICON_NAME = AppIcon;
				INFOPLIST_FILE = BossView01/Info.plist;
				LD_RUNPATH_SEARCH_PATHS = "$(inherited) @executable_path/Frameworks";
				PRODUCT_BUNDLE_IDENTIFIER = sda.BossView01;
				PRODUCT_NAME = "$(TARGET_NAME)";
			};
			name = Release;
		};
/* End XCBuildConfiguration section */

/* Begin XCConfigurationList section */
		3F74C2A71D7A852C001AB30A /* Build configuration list for PBXProject "BossView01" */ = {
			isa = XCConfigurationList;
			buildConfigurations = (
				3F74C2C11D7A852C001AB30A /* Debug */,
				3F74C2C21D7A852C001AB30A /* Release */,
			);
			defaultConfigurationIsVisible = 0;
			defaultConfigurationName = Release;
		};
		3F74C2C31D7A852C001AB30A /* Build configuration list for PBXNativeTarget "BossView01" */ = {
			isa = XCConfigurationList;
			buildConfigurations = (
				3F74C2C41D7A852C001AB30A /* Debug */,
				3F74C2C51D7A852C001AB30A /* Release */,
			);
			defaultConfigurationIsVisible = 0;
		};
/* End XCConfigurationList section */
	};
	rootObject = 3F74C2A41D7A852C001AB30A /* Project object */;
}
